# THIS IS AN AUTOGENERATED FILE. DO NOT EDIT THIS FILE DIRECTLY.
# yarn lockfile v1


iconv-lite@latest:
  version "0.4.24"
  resolved "https://registry.yarnpkg.com/iconv-lite/-/iconv-lite-0.4.24.tgz#2022b4b25fbddc21d2f524974a474aafe733908b"
  integrity sha512-v3MXnZAcvnywkTUEZomIActle7RXXeedOR31wwl7VlyoXO4Qi9arvSenNQWne1TcRwhCL1HwLI21bEqdpj8/rA==
  dependencies:
    safer-buffer ">= 2.1.2 < 3"

mime2@latest:
  version "0.0.9"
  resolved "https://registry.yarnpkg.com/mime2/-/mime2-0.0.9.tgz#507e3b3b370deb947c3b47a4ff544c33b7e1a4eb"
  integrity sha512-19HM8Rpaqy7kEtupNI+XXUgh+dkPWQUpExLHVWntk6QySTUn0VKpn3kEe41K7DJh+wCYN1t93oak63jURqRW0A==

"safer-buffer@>= 2.1.2 < 3":
  version "2.1.2"
  resolved "https://registry.yarnpkg.com/safer-buffer/-/safer-buffer-2.1.2.tgz#44fa161b0187b9549dd84bb91802f9bd8385cd6a"
  integrity sha512-YZo3K82SD7Riyi0E1EQPojLz7kpepnSQI9IyPbHHg1XXXevb5dJI7tpyN2ADxGcQbHG7vcyRHk0cbwqcQriUtg==

xttp@^1.0.4:
  version "1.0.4"
  resolved "https://registry.yarnpkg.com/xttp/-/xttp-1.0.4.tgz#fd340d5bb948ff4b1841e9bf03ac5a4c9ec63779"
  integrity sha512-Pz6CJ8yKm6+9N+l/oMnUbs7qHMbb8p7e6BMTDIqvqNvg1jOK2ie3HxFAQo6ONhozw6fAjGeWFvW6QT5p7xYI8g==
  dependencies:
    iconv-lite latest
    mime2 latest
